
Microsoft Visual Studio Solution File, Format Version 12.00
# Visual Studio 15
VisualStudioVersion = 15.0.28307.168
MinimumVisualStudioVersion = 10.0.40219.1
Project("{FAE04EC0-301F-11D3-BF4B-00C04F79EFBC}") = "far manager", "far manager\far manager.csproj", "{B54AB9AE-7DB4-4BF7-8A1B-00A8A3C6A4FC}"
EndProject
Global
	GlobalSection(SolutionConfigurationPlatforms) = preSolution
		Debug|Any CPU = Debug|Any CPU
		Release|Any CPU = Release|Any CPU
	EndGlobalSection
	GlobalSection(ProjectConfigurationPlatforms) = postSolution
		{B54AB9AE-7DB4-4BF7-8A1B-00A8A3C6A4FC}.Debug|Any CPU.ActiveCfg = Debug|Any CPU
		{B54AB9AE-7DB4-4BF7-8A1B-00A8A3C6A4FC}.Debug|Any CPU.Build.0 = Debug|Any CPU
		{B54AB9AE-7DB4-4BF7-8A1B-00A8A3C6A4FC}.Release|Any CPU.ActiveCfg = Release|Any CPU
		{B54AB9AE-7DB4-4BF7-8A1B-00A8A3C6A4FC}.Release|Any CPU.Build.0 = Release|Any CPU
	EndGlobalSection
	GlobalSection(SolutionProperties) = preSolution
		HideSolutionNode = FALSE
	EndGlobalSection
	GlobalSection(ExtensibilityGlobals) = postSolution
		SolutionGuid = {D33BC30A-A6CB-45A8-9C56-A8FECB3231E7}
	EndGlobalSection
EndGlobal
